// !$*UTF8*$!
{
	archiveVersion = 1;
	classes = {
	};
	objectVersion = 46;
	objects = {

/* Begin PBXBuildFile section */
		112662E11E0BBC4D00B01EE1 /* AppDelegate.swift in Sources */ = {isa = PBXBuildFile; fileRef = 112662E01E0BBC4D00B01EE1 /* AppDelegate.swift */; };
		112662E31E0BBC4D00B01EE1 /* ViewController.swift in Sources */ = {isa = PBXBuildFile; fileRef = 112662E21E0BBC4D00B01EE1 /* ViewController.swift */; };
		112662E61E0BBC4D00B01EE1 /* Main.storyboard in Resources */ = {isa = PBXBuildFile; fileRef = 112662E41E0BBC4D00B01EE1 /* Main.storyboard */; };
		112662E81E0BBC4D00B01EE1 /* Assets.xcassets in Resources */ = {isa = PBXBuildFile; fileRef = 112662E71E0BBC4D00B01EE1 /* Assets.xcassets */; };
		112662EB1E0BBC4D00B01EE1 /* LaunchScreen.storyboard in Resources */ = {isa = PBXBuildFile; fileRef = 112662E91E0BBC4D00B01EE1 /* LaunchScreen.storyboard */; };
/* End PBXBuildFile section */

/* Begin PBXFileReference section */
		112662DD1E0BBC4D00B01EE1 /* 07-TableView.app */ = {isa = PBXFileReference; explicitFileType = wrapper.application; includeInIndex = 0; path = "07-TableView.app"; sourceTree = BUILT_PRODUCTS_DIR; };
		112662E01E0BBC4D00B01EE1 /* AppDelegate.swift */ = {isa = PBXFileReference; lastKnownFileType = sourcecode.swift; path = AppDelegate.swift; sourceTree = "<group>"; };
		112662E21E0BBC4D00B01EE1 /* ViewController.swift */ = {isa = PBXFileReference; lastKnownFileType = sourcecode.swift; path = ViewController.swift; sourceTree = "<group>"; };
		112662E51E0BBC4D00B01EE1 /* Base */ = {isa = PBXFileReference; lastKnownFileType = file.storyboard; name = Base; path = Base.lproj/Main.storyboard; sourceTree = "<group>"; };
		112662E71E0BBC4D00B01EE1 /* Assets.xcassets */ = {isa = PBXFileReference; lastKnownFileType = folder.assetcatalog; path = Assets.xcassets; sourceTree = "<group>"; };
		112662EA1E0BBC4D00B01EE1 /* Base */ = {isa = PBXFileReference; lastKnownFileType = file.storyboard; name = Base; path = Base.lproj/LaunchScreen.storyboard; sourceTree = "<group>"; };
		112662EC1E0BBC4D00B01EE1 /* Info.plist */ = {isa = PBXFileReference; lastKnownFileType = text.plist.xml; path = Info.plist; sourceTree = "<group>"; };
/* End PBXFileReference section */

/* Begin PBXFrameworksBuildPhase section */
		112662DA1E0BBC4D00B01EE1 /* Frameworks */ = {
			isa = PBXFrameworksBuildPhase;
			buildActionMask = 2147483647;
			files = (
			);
			runOnlyForDeploymentPostprocessing = 0;
		};
/* End PBXFrameworksBuildPhase section */

/* Begin PBXGroup section */
		112662D41E0BBC4D00B01EE1 = {
			isa = PBXGroup;
			children = (
				112662DF1E0BBC4D00B01EE1 /* 07-TableView */,
				112662DE1E0BBC4D00B01EE1 /* Products */,
			);
			sourceTree = "<group>";
		};
		112662DE1E0BBC4D00B01EE1 /* Products */ = {
			isa = PBXGroup;
			children = (
				112662DD1E0BBC4D00B01EE1 /* 07-TableView.app */,
			);
			name = Products;
			sourceTree = "<group>";
		};
		112662DF1E0BBC4D00B01EE1 /* 07-TableView */ = {
			isa = PBXGroup;
			children = (
				112662E01E0BBC4D00B01EE1 /* AppDelegate.swift */,
				112662E21E0BBC4D00B01EE1 /* ViewController.swift */,
				112662E41E0BBC4D00B01EE1 /* Main.storyboard */,
				112662E71E0BBC4D00B01EE1 /* Assets.xcassets */,
				112662E91E0BBC4D00B01EE1 /* LaunchScreen.storyboard */,
				112662EC1E0BBC4D00B01EE1 /* Info.plist */,
			);
			path = "07-TableView";
			sourceTree = "<group>";
		};
/* End PBXGroup section */

/* Begin PBXNativeTarget section */
		112662DC1E0BBC4D00B01EE1 /* 07-TableView */ = {
			isa = PBXNativeTarget;
			buildConfigurationList = 112662EF1E0BBC4D00B01EE1 /* Build configuration list for PBXNativeTarget "07-TableView" */;
			buildPhases = (
				112662D91E0BBC4D00B01EE1 /* Sources */,
				112662DA1E0BBC4D00B01EE1 /* Frameworks */,
				112662DB1E0BBC4D00B01EE1 /* Resources */,
			);
			buildRules = (
			);
			dependencies = (
			);
			name = "07-TableView";
			productName = "07-TableView";
			productReference = 112662DD1E0BBC4D00B01EE1 /* 07-TableView.app */;
			productType = "com.apple.product-type.application";
		};
/* End PBXNativeTarget section */

/* Begin PBXProject section */
		112662D51E0BBC4D00B01EE1 /* Project object */ = {
			isa = PBXProject;
			attributes = {
				LastSwiftUpdateCheck = 0820;
				LastUpgradeCheck = 0820;
				ORGANIZATIONNAME = "Fahrettin Ates";
				TargetAttributes = {
					112662DC1E0BBC4D00B01EE1 = {
						CreatedOnToolsVersion = 8.2;
						ProvisioningStyle = Automatic;
					};
				};
			};
			buildConfigurationList = 112662D81E0BBC4D00B01EE1 /* Build configuration list for PBXProject "07-TableView" */;
			compatibilityVersion = "Xcode 3.2";
			developmentRegion = English;
			hasScannedForEncodings = 0;
			knownRegions = (
				en,
				Base,
			);
			mainGroup = 112662D41E0BBC4D00B01EE1;
			productRefGroup = 112662DE1E0BBC4D00B01EE1 /* Products */;
			projectDirPath = "";
			projectRoot = "";
			targets = (
				112662DC1E0BBC4D00B01EE1 /* 07-TableView */,
			);
		};
/* End PBXProject section */

/* Begin PBXResourcesBuildPhase section */
		112662DB1E0BBC4D00B01EE1 /* Resources */ = {
			isa = PBXResourcesBuildPhase;
			buildActionMask = 2147483647;
			files = (
				112662EB1E0BBC4D00B01EE1 /* LaunchScreen.storyboard in Resources */,
				112662E81E0BBC4D00B01EE1 /* Assets.xcassets in Resources */,
				112662E61E0BBC4D00B01EE1 /* Main.storyboard in Resources */,
			);
			runOnlyForDeploymentPostprocessing = 0;
		};
/* End PBXResourcesBuildPhase section */

/* Begin PBXSourcesBuildPhase section */
		112662D91E0BBC4D00B01EE1 /* Sources */ = {
			isa = PBXSourcesBuildPhase;
			buildActionMask = 2147483647;
			files = (
				112662E31E0BBC4D00B01EE1 /* ViewController.swift in Sources */,
				112662E11E0BBC4D00B01EE1 /* AppDelegate.swift in Sources */,
			);
			runOnlyForDeploymentPostprocessing = 0;
		};
/* End PBXSourcesBuildPhase section */

/* Begin PBXVariantGroup section */
		112662E41E0BBC4D00B01EE1 /* Main.storyboard */ = {
			isa = PBXVariantGroup;
			children = (
				112662E51E0BBC4D00B01EE1 /* Base */,
			);
			name = Main.storyboard;
			sourceTree = "<group>";
		};
		112662E91E0BBC4D00B01EE1 /* LaunchScreen.storyboard */ = {
			isa = PBXVariantGroup;
			children = (
				112662EA1E0BBC4D00B01EE1 /* Base */,
			);
			name = LaunchScreen.storyboard;
			sourceTree = "<group>";
		};
/* End PBXVariantGroup section */

/* Begin XCBuildConfiguration section */
		112662ED1E0BBC4D00B01EE1 /* Debug */ = {
			isa = XCBuildConfiguration;
			buildSettings = {
				ALWAYS_SEARCH_USER_PATHS = NO;
				CLANG_ANALYZER_NONNULL = YES;
				CLANG_CXX_LANGUAGE_STANDARD = "gnu++0x";
				CLANG_CXX_LIBRARY = "libc++";
				CLANG_ENABLE_MODULES = YES;
				CLANG_ENABLE_OBJC_ARC = YES;
				CLANG_WARN_BOOL_CONVERSION = YES;
				CLANG_WARN_CONSTANT_CONVERSION = YES;
				CLANG_WARN_DIRECT_OBJC_ISA_USAGE = YES_ERROR;
				CLANG_WARN_DOCUMENTATION_COMMENTS = YES;
				CLANG_WARN_EMPTY_BODY = YES;
				CLANG_WARN_ENUM_CONVERSION = YES;
				CLANG_WARN_INFINITE_RECURSION = YES;
				CLANG_WARN_INT_CONVERSION = YES;
				CLANG_WARN_OBJC_ROOT_CLASS = YES_ERROR;
				CLANG_WARN_SUSPICIOUS_MOVE = YES;
				CLANG_WARN_UNREACHABLE_CODE = YES;
				CLANG_WARN__DUPLICATE_METHOD_MATCH = YES;
				"CODE_SIGN_IDENTITY[sdk=iphoneos*]" = "iPhone Developer";
				COPY_PHASE_STRIP = NO;
				DEBUG_INFORMATION_FORMAT = dwarf;
				ENABLE_STRICT_OBJC_MSGSEND = YES;
				ENABLE_TESTABILITY = YES;
				GCC_C_LANGUAGE_STANDARD = gnu99;
				GCC_DYNAMIC_NO_PIC = NO;
				GCC_NO_COMMON_BLOCKS = YES;
				GCC_OPTIMIZATION_LEVEL = 0;
				GCC_PREPROCESSOR_DEFINITIONS = (
					"DEBUG=1",
					"$(inherited)",
				);
				GCC_WARN_64_TO_32_BIT_CONVERSION = YES;
				GCC_WARN_ABOUT_RETURN_TYPE = YES_ERROR;
				GCC_WARN_UNDECLARED_SELECTOR = YES;
				GCC_WARN_UNINITIALIZED_AUTOS = YES_AGGRESSIVE;
				GCC_WARN_UNUSED_FUNCTION = YES;
				GCC_WARN_UNUSED_VARIABLE = YES;
				IPHONEOS_DEPLOYMENT_TARGET = 10.2;
				MTL_ENABLE_DEBUG_INFO = YES;
				ONLY_ACTIVE_ARCH = YES;
				SDKROOT = iphoneos;
				SWIFT_ACTIVE_COMPILATION_CONDITIONS = DEBUG;
				SWIFT_OPTIMIZATION_LEVEL = "-Onone";
			};
			name = Debug;
		};
		112662EE1E0BBC4D00B01EE1 /* Release */ = {
			isa = XCBuildConfiguration;
			buildSettings = {
				ALWAYS_SEARCH_USER_PATHS = NO;
				CLANG_ANALYZER_NONNULL = YES;
				CLANG_CXX_LANGUAGE_STANDARD = "gnu++0x";
				CLANG_CXX_LIBRARY = "libc++";
				CLANG_ENABLE_MODULES = YES;
				CLANG_ENABLE_OBJC_ARC = YES;
				CLANG_WARN_BOOL_CONVERSION = YES;
				CLANG_WARN_CONSTANT_CONVERSION = YES;
				CLANG_WARN_DIRECT_OBJC_ISA_USAGE = YES_ERROR;
				CLANG_WARN_DOCUMENTATION_COMMENTS = YES;
				CLANG_WARN_EMPTY_BODY = YES;
				CLANG_WARN_ENUM_CONVERSION = YES;
				CLANG_WARN_INFINITE_RECURSION = YES;
				CLANG_WARN_INT_CONVERSION = YES;
				CLANG_WARN_OBJC_ROOT_CLASS = YES_ERROR;
				CLANG_WARN_SUSPICIOUS_MOVE = YES;
				CLANG_WARN_UNREACHABLE_CODE = YES;
				CLANG_WARN__DUPLICATE_METHOD_MATCH = YES;
				"CODE_SIGN_IDENTITY[sdk=iphoneos*]" = "iPhone Developer";
				COPY_PHASE_STRIP = NO;
				DEBUG_INFORMATION_FORMAT = "dwarf-with-dsym";
				ENABLE_NS_ASSERTIONS = NO;
				ENABLE_STRICT_OBJC_MSGSEND = YES;
				GCC_C_LANGUAGE_STANDARD = gnu99;
				GCC_NO_COMMON_BLOCKS = YES;
				GCC_WARN_64_TO_32_BIT_CONVERSION = YES;
				GCC_WARN_ABOUT_RETURN_TYPE = YES_ERROR;
				GCC_WARN_UNDECLARED_SELECTOR = YES;
				GCC_WARN_UNINITIALIZED_AUTOS = YES_AGGRESSIVE;
				GCC_WARN_UNUSED_FUNCTION = YES;
				GCC_WARN_UNUSED_VARIABLE = YES;
				IPHONEOS_DEPLOYMENT_TARGET = 10.2;
				MTL_ENABLE_DEBUG_INFO = NO;
				SDKROOT = iphoneos;
				SWIFT_OPTIMIZATION_LEVEL = "-Owholemodule";
				VALIDATE_PRODUCT = YES;
			};
			name = Release;
		};
		112662F01E0BBC4D00B01EE1 /* Debug */ = {
			isa = XCBuildConfiguration;
			buildSettings = {
				ASSETCATALOG_COMPILER_APPICON_NAME = AppIcon;
				INFOPLIST_FILE = "07-TableView/Info.plist";
				LD_RUNPATH_SEARCH_PATHS = "$(inherited) @executable_path/Frameworks";
				PRODUCT_BUNDLE_IDENTIFIER = "com.fahrettinates.-7-TableView";
				PRODUCT_NAME = "$(TARGET_NAME)";
				SWIFT_VERSION = 3.0;
			};
			name = Debug;
		};
		112662F11E0BBC4D00B01EE1 /* Release */ = {
			isa = XCBuildConfiguration;
			buildSettings = {
				ASSETCATALOG_COMPILER_APPICON_NAME = AppIcon;
				INFOPLIST_FILE = "07-TableView/Info.plist";
				LD_RUNPATH_SEARCH_PATHS = "$(inherited) @executable_path/Frameworks";
				PRODUCT_BUNDLE_IDENTIFIER = "com.fahrettinates.-7-TableView";
				PRODUCT_NAME = "$(TARGET_NAME)";
				SWIFT_VERSION = 3.0;
			};
			name = Release;
		};
/* End XCBuildConfiguration section */

/* Begin XCConfigurationList section */
		112662D81E0BBC4D00B01EE1 /* Build configuration list for PBXProject "07-TableView" */ = {
			isa = XCConfigurationList;
			buildConfigurations = (
				112662ED1E0BBC4D00B01EE1 /* Debug */,
				112662EE1E0BBC4D00B01EE1 /* Release */,
			);
			defaultConfigurationIsVisible = 0;
			defaultConfigurationName = Release;
		};
		112662EF1E0BBC4D00B01EE1 /* Build configuration list for PBXNativeTarget "07-TableView" */ = {
			isa = XCConfigurationList;
			buildConfigurations = (
				112662F01E0BBC4D00B01EE1 /* Debug */,
				112662F11E0BBC4D00B01EE1 /* Release */,
			);
			defaultConfigurationIsVisible = 0;
		};
/* End XCConfigurationList section */
	};
	rootObject = 112662D51E0BBC4D00B01EE1 /* Project object */;
}
